
Microsoft Visual Studio Solution File, Format Version 12.00
# Visual Studio Version 16
VisualStudioVersion = 16.0.30907.101
MinimumVisualStudioVersion = 10.0.40219.1
Project("{FAE04EC0-301F-11D3-BF4B-00C04F79EFBC}") = "WPF Chrome Window Example", "WPF Chrome Window Example\WPF Chrome Window Example.csproj", "{C1398870-64E6-4517-B7E7-FFD66DCAB9E3}"
EndProject
Global
	GlobalSection(SolutionConfigurationPlatforms) = preSolution
		Debug|Any CPU = Debug|Any CPU
		Release|Any CPU = Release|Any CPU
	EndGlobalSection
	GlobalSection(ProjectConfigurationPlatforms) = postSolution
		{C1398870-64E6-4517-B7E7-FFD66DCAB9E3}.Debug|Any CPU.ActiveCfg = Debug|Any CPU
		{C1398870-64E6-4517-B7E7-FFD66DCAB9E3}.Debug|Any CPU.Build.0 = Debug|Any CPU
		{C1398870-64E6-4517-B7E7-FFD66DCAB9E3}.Release|Any CPU.ActiveCfg = Release|Any CPU
		{C1398870-64E6-4517-B7E7-FFD66DCAB9E3}.Release|Any CPU.Build.0 = Release|Any CPU
	EndGlobalSection
	GlobalSection(SolutionProperties) = preSolution
		HideSolutionNode = FALSE
	EndGlobalSection
	GlobalSection(ExtensibilityGlobals) = postSolution
		SolutionGuid = {2051EBA9-4746-4F7F-95BF-BBABBF53FD4C}
	EndGlobalSection
EndGlobal
